// !$*UTF8*$!
{
	archiveVersion = 1;
	classes = {
	};
	objectVersion = 46;
	objects = {

/* Begin PBXBuildFile section */
		7E1D783E1D797E3C00EF5A78 /* AppDelegate.swift in Sources */ = {isa = PBXBuildFile; fileRef = 7E1D783D1D797E3C00EF5A78 /* AppDelegate.swift */; };
		7E1D78401D797E3C00EF5A78 /* ViewController.swift in Sources */ = {isa = PBXBuildFile; fileRef = 7E1D783F1D797E3C00EF5A78 /* ViewController.swift */; };
		7E1D78431D797E3C00EF5A78 /* Main.storyboard in Resources */ = {isa = PBXBuildFile; fileRef = 7E1D78411D797E3C00EF5A78 /* Main.storyboard */; };
		7E1D78451D797E3C00EF5A78 /* Assets.xcassets in Resources */ = {isa = PBXBuildFile; fileRef = 7E1D78441D797E3C00EF5A78 /* Assets.xcassets */; };
		7E1D78481D797E3C00EF5A78 /* LaunchScreen.storyboard in Resources */ = {isa = PBXBuildFile; fileRef = 7E1D78461D797E3C00EF5A78 /* LaunchScreen.storyboard */; };
		7E1D78531D797E3C00EF5A78 /* CameraTests.swift in Sources */ = {isa = PBXBuildFile; fileRef = 7E1D78521D797E3C00EF5A78 /* CameraTests.swift */; };
		7E1D785E1D797E3D00EF5A78 /* CameraUITests.swift in Sources */ = {isa = PBXBuildFile; fileRef = 7E1D785D1D797E3D00EF5A78 /* CameraUITests.swift */; };
		7E1D786C1D7983C600EF5A78 /* CameraViewController.swift in Sources */ = {isa = PBXBuildFile; fileRef = 7E1D786B1D7983C600EF5A78 /* CameraViewController.swift */; };
		7E413EE01D79B361001EC1CE /* entry.swift in Sources */ = {isa = PBXBuildFile; fileRef = 7E413EDF1D79B361001EC1CE /* entry.swift */; };
		ADCDE5A50295371AEBAF4959 /* Pods_Camera.framework in Frameworks */ = {isa = PBXBuildFile; fileRef = 7CEA7B92A4222F804087BF06 /* Pods_Camera.framework */; };
/* End PBXBuildFile section */

/* Begin PBXContainerItemProxy section */
		7E1D784F1D797E3C00EF5A78 /* PBXContainerItemProxy */ = {
			isa = PBXContainerItemProxy;
			containerPortal = 7E1D78321D797E3C00EF5A78 /* Project object */;
			proxyType = 1;
			remoteGlobalIDString = 7E1D78391D797E3C00EF5A78;
			remoteInfo = Camera;
		};
		7E1D785A1D797E3C00EF5A78 /* PBXContainerItemProxy */ = {
			isa = PBXContainerItemProxy;
			containerPortal = 7E1D78321D797E3C00EF5A78 /* Project object */;
			proxyType = 1;
			remoteGlobalIDString = 7E1D78391D797E3C00EF5A78;
			remoteInfo = Camera;
		};
/* End PBXContainerItemProxy section */

/* Begin PBXFileReference section */
		7CEA7B92A4222F804087BF06 /* Pods_Camera.framework */ = {isa = PBXFileReference; explicitFileType = wrapper.framework; includeInIndex = 0; path = Pods_Camera.framework; sourceTree = BUILT_PRODUCTS_DIR; };
		7E1D783A1D797E3C00EF5A78 /* Camera.app */ = {isa = PBXFileReference; explicitFileType = wrapper.application; includeInIndex = 0; path = Camera.app; sourceTree = BUILT_PRODUCTS_DIR; };
		7E1D783D1D797E3C00EF5A78 /* AppDelegate.swift */ = {isa = PBXFileReference; lastKnownFileType = sourcecode.swift; path = AppDelegate.swift; sourceTree = "<group>"; };
		7E1D783F1D797E3C00EF5A78 /* ViewController.swift */ = {isa = PBXFileReference; lastKnownFileType = sourcecode.swift; path = ViewController.swift; sourceTree = "<group>"; };
		7E1D78421D797E3C00EF5A78 /* Base */ = {isa = PBXFileReference; lastKnownFileType = file.storyboard; name = Base; path = Base.lproj/Main.storyboard; sourceTree = "<group>"; };
		7E1D78441D797E3C00EF5A78 /* Assets.xcassets */ = {isa = PBXFileReference; lastKnownFileType = folder.assetcatalog; path = Assets.xcassets; sourceTree = "<group>"; };
		7E1D78471D797E3C00EF5A78 /* Base */ = {isa = PBXFileReference; lastKnownFileType = file.storyboard; name = Base; path = Base.lproj/LaunchScreen.storyboard; sourceTree = "<group>"; };
		7E1D78491D797E3C00EF5A78 /* Info.plist */ = {isa = PBXFileReference; lastKnownFileType = text.plist.xml; path = Info.plist; sourceTree = "<group>"; };
		7E1D784E1D797E3C00EF5A78 /* CameraTests.xctest */ = {isa = PBXFileReference; explicitFileType = wrapper.cfbundle; includeInIndex = 0; path = CameraTests.xctest; sourceTree = BUILT_PRODUCTS_DIR; };
		7E1D78521D797E3C00EF5A78 /* CameraTests.swift */ = {isa = PBXFileReference; lastKnownFileType = sourcecode.swift; path = CameraTests.swift; sourceTree = "<group>"; };
		7E1D78541D797E3C00EF5A78 /* Info.plist */ = {isa = PBXFileReference; lastKnownFileType = text.plist.xml; path = Info.plist; sourceTree = "<group>"; };
		7E1D78591D797E3C00EF5A78 /* CameraUITests.xctest */ = {isa = PBXFileReference; explicitFileType = wrapper.cfbundle; includeInIndex = 0; path = CameraUITests.xctest; sourceTree = BUILT_PRODUCTS_DIR; };
		7E1D785D1D797E3D00EF5A78 /* CameraUITests.swift */ = {isa = PBXFileReference; lastKnownFileType = sourcecode.swift; path = CameraUITests.swift; sourceTree = "<group>"; };
		7E1D785F1D797E3D00EF5A78 /* Info.plist */ = {isa = PBXFileReference; lastKnownFileType = text.plist.xml; path = Info.plist; sourceTree = "<group>"; };
		7E1D786B1D7983C600EF5A78 /* CameraViewController.swift */ = {isa = PBXFileReference; fileEncoding = 4; lastKnownFileType = sourcecode.swift; path = CameraViewController.swift; sourceTree = "<group>"; };
		7E413EDF1D79B361001EC1CE /* entry.swift */ = {isa = PBXFileReference; fileEncoding = 4; lastKnownFileType = sourcecode.swift; path = entry.swift; sourceTree = "<group>"; };
		A31B6B4F14316DCA2E3878D7 /* Pods-Camera.debug.xcconfig */ = {isa = PBXFileReference; includeInIndex = 1; lastKnownFileType = text.xcconfig; name = "Pods-Camera.debug.xcconfig"; path = "Pods/Target Support Files/Pods-Camera/Pods-Camera.debug.xcconfig"; sourceTree = "<group>"; };
		ED721FA9B0F5CDB4ADEA7BC8 /* Pods-Camera.release.xcconfig */ = {isa = PBXFileReference; includeInIndex = 1; lastKnownFileType = text.xcconfig; name = "Pods-Camera.release.xcconfig"; path = "Pods/Target Support Files/Pods-Camera/Pods-Camera.release.xcconfig"; sourceTree = "<group>"; };
/* End PBXFileReference section */

/* Begin PBXFrameworksBuildPhase section */
		7E1D78371D797E3C00EF5A78 /* Frameworks */ = {
			isa = PBXFrameworksBuildPhase;
			buildActionMask = 2147483647;
			files = (
				ADCDE5A50295371AEBAF4959 /* Pods_Camera.framework in Frameworks */,
			);
			runOnlyForDeploymentPostprocessing = 0;
		};
		7E1D784B1D797E3C00EF5A78 /* Frameworks */ = {
			isa = PBXFrameworksBuildPhase;
			buildActionMask = 2147483647;
			files = (
			);
			runOnlyForDeploymentPostprocessing = 0;
		};
		7E1D78561D797E3C00EF5A78 /* Frameworks */ = {
			isa = PBXFrameworksBuildPhase;
			buildActionMask = 2147483647;
			files = (
			);
			runOnlyForDeploymentPostprocessing = 0;
		};
/* End PBXFrameworksBuildPhase section */

/* Begin PBXGroup section */
		578BF0D9707E92DF7901C678 /* Pods */ = {
			isa = PBXGroup;
			children = (
				A31B6B4F14316DCA2E3878D7 /* Pods-Camera.debug.xcconfig */,
				ED721FA9B0F5CDB4ADEA7BC8 /* Pods-Camera.release.xcconfig */,
			);
			name = Pods;
			sourceTree = "<group>";
		};
		7E1D78311D797E3C00EF5A78 = {
			isa = PBXGroup;
			children = (
				7E1D783C1D797E3C00EF5A78 /* Camera */,
				7E1D78511D797E3C00EF5A78 /* CameraTests */,
				7E1D785C1D797E3C00EF5A78 /* CameraUITests */,
				7E1D783B1D797E3C00EF5A78 /* Products */,
				578BF0D9707E92DF7901C678 /* Pods */,
				C022F11C523C80265B758353 /* Frameworks */,
			);
			sourceTree = "<group>";
		};
		7E1D783B1D797E3C00EF5A78 /* Products */ = {
			isa = PBXGroup;
			children = (
				7E1D783A1D797E3C00EF5A78 /* Camera.app */,
				7E1D784E1D797E3C00EF5A78 /* CameraTests.xctest */,
				7E1D78591D797E3C00EF5A78 /* CameraUITests.xctest */,
			);
			name = Products;
			sourceTree = "<group>";
		};
		7E1D783C1D797E3C00EF5A78 /* Camera */ = {
			isa = PBXGroup;
			children = (
				7E1D783D1D797E3C00EF5A78 /* AppDelegate.swift */,
				7E1D783F1D797E3C00EF5A78 /* ViewController.swift */,
				7E1D78411D797E3C00EF5A78 /* Main.storyboard */,
				7E1D78441D797E3C00EF5A78 /* Assets.xcassets */,
				7E1D78461D797E3C00EF5A78 /* LaunchScreen.storyboard */,
				7E1D78491D797E3C00EF5A78 /* Info.plist */,
				7E1D786B1D7983C600EF5A78 /* CameraViewController.swift */,
				7E413EDF1D79B361001EC1CE /* entry.swift */,
			);
			path = Camera;
			sourceTree = "<group>";
		};
		7E1D78511D797E3C00EF5A78 /* CameraTests */ = {
			isa = PBXGroup;
			children = (
				7E1D78521D797E3C00EF5A78 /* CameraTests.swift */,
				7E1D78541D797E3C00EF5A78 /* Info.plist */,
			);
			path = CameraTests;
			sourceTree = "<group>";
		};
		7E1D785C1D797E3C00EF5A78 /* CameraUITests */ = {
			isa = PBXGroup;
			children = (
				7E1D785D1D797E3D00EF5A78 /* CameraUITests.swift */,
				7E1D785F1D797E3D00EF5A78 /* Info.plist */,
			);
			path = CameraUITests;
			sourceTree = "<group>";
		};
		C022F11C523C80265B758353 /* Frameworks */ = {
			isa = PBXGroup;
			children = (
				7CEA7B92A4222F804087BF06 /* Pods_Camera.framework */,
			);
			name = Frameworks;
			sourceTree = "<group>";
		};
/* End PBXGroup section */

/* Begin PBXNativeTarget section */
		7E1D78391D797E3C00EF5A78 /* Camera */ = {
			isa = PBXNativeTarget;
			buildConfigurationList = 7E1D78621D797E3D00EF5A78 /* Build configuration list for PBXNativeTarget "Camera" */;
			buildPhases = (
				C85F30483121D2C4B68495DF /* Check Pods Manifest.lock */,
				7E1D78361D797E3C00EF5A78 /* Sources */,
				7E1D78371D797E3C00EF5A78 /* Frameworks */,
				7E1D78381D797E3C00EF5A78 /* Resources */,
				91884805FF93FDFC769CA99F /* Embed Pods Frameworks */,
				286EC79FCDE27E3AF0F633ED /* Copy Pods Resources */,
			);
			buildRules = (
			);
			dependencies = (
			);
			name = Camera;
			productName = Camera;
			productReference = 7E1D783A1D797E3C00EF5A78 /* Camera.app */;
			productType = "com.apple.product-type.application";
		};
		7E1D784D1D797E3C00EF5A78 /* CameraTests */ = {
			isa = PBXNativeTarget;
			buildConfigurationList = 7E1D78651D797E3D00EF5A78 /* Build configuration list for PBXNativeTarget "CameraTests" */;
			buildPhases = (
				7E1D784A1D797E3C00EF5A78 /* Sources */,
				7E1D784B1D797E3C00EF5A78 /* Frameworks */,
				7E1D784C1D797E3C00EF5A78 /* Resources */,
			);
			buildRules = (
			);
			dependencies = (
				7E1D78501D797E3C00EF5A78 /* PBXTargetDependency */,
			);
			name = CameraTests;
			productName = CameraTests;
			productReference = 7E1D784E1D797E3C00EF5A78 /* CameraTests.xctest */;
			productType = "com.apple.product-type.bundle.unit-test";
		};
		7E1D78581D797E3C00EF5A78 /* CameraUITests */ = {
			isa = PBXNativeTarget;
			buildConfigurationList = 7E1D78681D797E3D00EF5A78 /* Build configuration list for PBXNativeTarget "CameraUITests" */;
			buildPhases = (
				7E1D78551D797E3C00EF5A78 /* Sources */,
				7E1D78561D797E3C00EF5A78 /* Frameworks */,
				7E1D78571D797E3C00EF5A78 /* Resources */,
			);
			buildRules = (
			);
			dependencies = (
				7E1D785B1D797E3C00EF5A78 /* PBXTargetDependency */,
			);
			name = CameraUITests;
			productName = CameraUITests;
			productReference = 7E1D78591D797E3C00EF5A78 /* CameraUITests.xctest */;
			productType = "com.apple.product-type.bundle.ui-testing";
		};
/* End PBXNativeTarget section */

/* Begin PBXProject section */
		7E1D78321D797E3C00EF5A78 /* Project object */ = {
			isa = PBXProject;
			attributes = {
				LastSwiftUpdateCheck = 0730;
				LastUpgradeCheck = 0730;
				ORGANIZATIONNAME = "Cameron Reid";
				TargetAttributes = {
					7E1D78391D797E3C00EF5A78 = {
						CreatedOnToolsVersion = 7.3.1;
						DevelopmentTeam = B598AEF9ZM;
						LastSwiftMigration = 0800;
					};
					7E1D784D1D797E3C00EF5A78 = {
						CreatedOnToolsVersion = 7.3.1;
						LastSwiftMigration = 0800;
						TestTargetID = 7E1D78391D797E3C00EF5A78;
					};
					7E1D78581D797E3C00EF5A78 = {
						CreatedOnToolsVersion = 7.3.1;
						LastSwiftMigration = 0800;
						TestTargetID = 7E1D78391D797E3C00EF5A78;
					};
				};
			};
			buildConfigurationList = 7E1D78351D797E3C00EF5A78 /* Build configuration list for PBXProject "Camera" */;
			compatibilityVersion = "Xcode 3.2";
			developmentRegion = English;
			hasScannedForEncodings = 0;
			knownRegions = (
				en,
				Base,
			);
			mainGroup = 7E1D78311D797E3C00EF5A78;
			productRefGroup = 7E1D783B1D797E3C00EF5A78 /* Products */;
			projectDirPath = "";
			projectRoot = "";
			targets = (
				7E1D78391D797E3C00EF5A78 /* Camera */,
				7E1D784D1D797E3C00EF5A78 /* CameraTests */,
				7E1D78581D797E3C00EF5A78 /* CameraUITests */,
			);
		};
/* End PBXProject section */

/* Begin PBXResourcesBuildPhase section */
		7E1D78381D797E3C00EF5A78 /* Resources */ = {
			isa = PBXResourcesBuildPhase;
			buildActionMask = 2147483647;
			files = (
				7E1D78481D797E3C00EF5A78 /* LaunchScreen.storyboard in Resources */,
				7E1D78451D797E3C00EF5A78 /* Assets.xcassets in Resources */,
				7E1D78431D797E3C00EF5A78 /* Main.storyboard in Resources */,
			);
			runOnlyForDeploymentPostprocessing = 0;
		};
		7E1D784C1D797E3C00EF5A78 /* Resources */ = {
			isa = PBXResourcesBuildPhase;
			buildActionMask = 2147483647;
			files = (
			);
			runOnlyForDeploymentPostprocessing = 0;
		};
		7E1D78571D797E3C00EF5A78 /* Resources */ = {
			isa = PBXResourcesBuildPhase;
			buildActionMask = 2147483647;
			files = (
			);
			runOnlyForDeploymentPostprocessing = 0;
		};
/* End PBXResourcesBuildPhase section */

/* Begin PBXShellScriptBuildPhase section */
		286EC79FCDE27E3AF0F633ED /* Copy Pods Resources */ = {
			isa = PBXShellScriptBuildPhase;
			buildActionMask = 2147483647;
			files = (
			);
			inputPaths = (
			);
			name = "Copy Pods Resources";
			outputPaths = (
			);
			runOnlyForDeploymentPostprocessing = 0;
			shellPath = /bin/sh;
			shellScript = "\"${SRCROOT}/Pods/Target Support Files/Pods-Camera/Pods-Camera-resources.sh\"\n";
			showEnvVarsInLog = 0;
		};
		91884805FF93FDFC769CA99F /* Embed Pods Frameworks */ = {
			isa = PBXShellScriptBuildPhase;
			buildActionMask = 2147483647;
			files = (
			);
			inputPaths = (
			);
			name = "Embed Pods Frameworks";
			outputPaths = (
			);
			runOnlyForDeploymentPostprocessing = 0;
			shellPath = /bin/sh;
			shellScript = "\"${SRCROOT}/Pods/Target Support Files/Pods-Camera/Pods-Camera-frameworks.sh\"\n";
			showEnvVarsInLog = 0;
		};
		C85F30483121D2C4B68495DF /* Check Pods Manifest.lock */ = {
			isa = PBXShellScriptBuildPhase;
			buildActionMask = 2147483647;
			files = (
			);
			inputPaths = (
			);
			name = "Check Pods Manifest.lock";
			outputPaths = (
			);
			runOnlyForDeploymentPostprocessing = 0;
			shellPath = /bin/sh;
			shellScript = "diff \"${PODS_ROOT}/../Podfile.lock\" \"${PODS_ROOT}/Manifest.lock\" > /dev/null\nif [[ $? != 0 ]] ; then\n    cat << EOM\nerror: The sandbox is not in sync with the Podfile.lock. Run 'pod install' or update your CocoaPods installation.\nEOM\n    exit 1\nfi\n";
			showEnvVarsInLog = 0;
		};
/* End PBXShellScriptBuildPhase section */

/* Begin PBXSourcesBuildPhase section */
		7E1D78361D797E3C00EF5A78 /* Sources */ = {
			isa = PBXSourcesBuildPhase;
			buildActionMask = 2147483647;
			files = (
				7E413EE01D79B361001EC1CE /* entry.swift in Sources */,
				7E1D78401D797E3C00EF5A78 /* ViewController.swift in Sources */,
				7E1D783E1D797E3C00EF5A78 /* AppDelegate.swift in Sources */,
				7E1D786C1D7983C600EF5A78 /* CameraViewController.swift in Sources */,
			);
			runOnlyForDeploymentPostprocessing = 0;
		};
		7E1D784A1D797E3C00EF5A78 /* Sources */ = {
			isa = PBXSourcesBuildPhase;
			buildActionMask = 2147483647;
			files = (
				7E1D78531D797E3C00EF5A78 /* CameraTests.swift in Sources */,
			);
			runOnlyForDeploymentPostprocessing = 0;
		};
		7E1D78551D797E3C00EF5A78 /* Sources */ = {
			isa = PBXSourcesBuildPhase;
			buildActionMask = 2147483647;
			files = (
				7E1D785E1D797E3D00EF5A78 /* CameraUITests.swift in Sources */,
			);
			runOnlyForDeploymentPostprocessing = 0;
		};
/* End PBXSourcesBuildPhase section */

/* Begin PBXTargetDependency section */
		7E1D78501D797E3C00EF5A78 /* PBXTargetDependency */ = {
			isa = PBXTargetDependency;
			target = 7E1D78391D797E3C00EF5A78 /* Camera */;
			targetProxy = 7E1D784F1D797E3C00EF5A78 /* PBXContainerItemProxy */;
		};
		7E1D785B1D797E3C00EF5A78 /* PBXTargetDependency */ = {
			isa = PBXTargetDependency;
			target = 7E1D78391D797E3C00EF5A78 /* Camera */;
			targetProxy = 7E1D785A1D797E3C00EF5A78 /* PBXContainerItemProxy */;
		};
/* End PBXTargetDependency section */

/* Begin PBXVariantGroup section */
		7E1D78411D797E3C00EF5A78 /* Main.storyboard */ = {
			isa = PBXVariantGroup;
			children = (
				7E1D78421D797E3C00EF5A78 /* Base */,
			);
			name = Main.storyboard;
			sourceTree = "<group>";
		};
		7E1D78461D797E3C00EF5A78 /* LaunchScreen.storyboard */ = {
			isa = PBXVariantGroup;
			children = (
				7E1D78471D797E3C00EF5A78 /* Base */,
			);
			name = LaunchScreen.storyboard;
			sourceTree = "<group>";
		};
/* End PBXVariantGroup section */

/* Begin XCBuildConfiguration section */
		7E1D78601D797E3D00EF5A78 /* Debug */ = {
			isa = XCBuildConfiguration;
			buildSettings = {
				ALWAYS_SEARCH_USER_PATHS = NO;
				CLANG_ANALYZER_NONNULL = YES;
				CLANG_CXX_LANGUAGE_STANDARD = "gnu++0x";
				CLANG_CXX_LIBRARY = "libc++";
				CLANG_ENABLE_MODULES = YES;
				CLANG_ENABLE_OBJC_ARC = YES;
				CLANG_WARN_BOOL_CONVERSION = YES;
				CLANG_WARN_CONSTANT_CONVERSION = YES;
				CLANG_WARN_DIRECT_OBJC_ISA_USAGE = YES_ERROR;
				CLANG_WARN_EMPTY_BODY = YES;
				CLANG_WARN_ENUM_CONVERSION = YES;
				CLANG_WARN_INT_CONVERSION = YES;
				CLANG_WARN_OBJC_ROOT_CLASS = YES_ERROR;
				CLANG_WARN_UNREACHABLE_CODE = YES;
				CLANG_WARN__DUPLICATE_METHOD_MATCH = YES;
				"CODE_SIGN_IDENTITY[sdk=iphoneos*]" = "iPhone Developer";
				COPY_PHASE_STRIP = NO;
				DEBUG_INFORMATION_FORMAT = dwarf;
				ENABLE_STRICT_OBJC_MSGSEND = YES;
				ENABLE_TESTABILITY = YES;
				GCC_C_LANGUAGE_STANDARD = gnu99;
				GCC_DYNAMIC_NO_PIC = NO;
				GCC_NO_COMMON_BLOCKS = YES;
				GCC_OPTIMIZATION_LEVEL = 0;
				GCC_PREPROCESSOR_DEFINITIONS = (
					"DEBUG=1",
					"$(inherited)",
				);
				GCC_WARN_64_TO_32_BIT_CONVERSION = YES;
				GCC_WARN_ABOUT_RETURN_TYPE = YES_ERROR;
				GCC_WARN_UNDECLARED_SELECTOR = YES;
				GCC_WARN_UNINITIALIZED_AUTOS = YES_AGGRESSIVE;
				GCC_WARN_UNUSED_FUNCTION = YES;
				GCC_WARN_UNUSED_VARIABLE = YES;
				IPHONEOS_DEPLOYMENT_TARGET = 9.3;
				MTL_ENABLE_DEBUG_INFO = YES;
				ONLY_ACTIVE_ARCH = YES;
				SDKROOT = iphoneos;
				SWIFT_OPTIMIZATION_LEVEL = "-Onone";
			};
			name = Debug;
		};
		7E1D78611D797E3D00EF5A78 /* Release */ = {
			isa = XCBuildConfiguration;
			buildSettings = {
				ALWAYS_SEARCH_USER_PATHS = NO;
				CLANG_ANALYZER_NONNULL = YES;
				CLANG_CXX_LANGUAGE_STANDARD = "gnu++0x";
				CLANG_CXX_LIBRARY = "libc++";
				CLANG_ENABLE_MODULES = YES;
				CLANG_ENABLE_OBJC_ARC = YES;
				CLANG_WARN_BOOL_CONVERSION = YES;
				CLANG_WARN_CONSTANT_CONVERSION = YES;
				CLANG_WARN_DIRECT_OBJC_ISA_USAGE = YES_ERROR;
				CLANG_WARN_EMPTY_BODY = YES;
				CLANG_WARN_ENUM_CONVERSION = YES;
				CLANG_WARN_INT_CONVERSION = YES;
				CLANG_WARN_OBJC_ROOT_CLASS = YES_ERROR;
				CLANG_WARN_UNREACHABLE_CODE = YES;
				CLANG_WARN__DUPLICATE_METHOD_MATCH = YES;
				"CODE_SIGN_IDENTITY[sdk=iphoneos*]" = "iPhone Developer";
				COPY_PHASE_STRIP = NO;
				DEBUG_INFORMATION_FORMAT = "dwarf-with-dsym";
				ENABLE_NS_ASSERTIONS = NO;
				ENABLE_STRICT_OBJC_MSGSEND = YES;
				GCC_C_LANGUAGE_STANDARD = gnu99;
				GCC_NO_COMMON_BLOCKS = YES;
				GCC_WARN_64_TO_32_BIT_CONVERSION = YES;
				GCC_WARN_ABOUT_RETURN_TYPE = YES_ERROR;
				GCC_WARN_UNDECLARED_SELECTOR = YES;
				GCC_WARN_UNINITIALIZED_AUTOS = YES_AGGRESSIVE;
				GCC_WARN_UNUSED_FUNCTION = YES;
				GCC_WARN_UNUSED_VARIABLE = YES;
				IPHONEOS_DEPLOYMENT_TARGET = 9.3;
				MTL_ENABLE_DEBUG_INFO = NO;
				SDKROOT = iphoneos;
				VALIDATE_PRODUCT = YES;
			};
			name = Release;
		};
		7E1D78631D797E3D00EF5A78 /* Debug */ = {
			isa = XCBuildConfiguration;
			baseConfigurationReference = A31B6B4F14316DCA2E3878D7 /* Pods-Camera.debug.xcconfig */;
			buildSettings = {
				ASSETCATALOG_COMPILER_APPICON_NAME = AppIcon;
				CODE_SIGN_IDENTITY = "iPhone Developer";
				INFOPLIST_FILE = Camera/Info.plist;
				LD_RUNPATH_SEARCH_PATHS = "$(inherited) @executable_path/Frameworks";
				PRODUCT_BUNDLE_IDENTIFIER = uk.co.wearecocoon.Camera;
				PRODUCT_NAME = "$(TARGET_NAME)";
				SWIFT_VERSION = 2.3;
			};
			name = Debug;
		};
		7E1D78641D797E3D00EF5A78 /* Release */ = {
			isa = XCBuildConfiguration;
			baseConfigurationReference = ED721FA9B0F5CDB4ADEA7BC8 /* Pods-Camera.release.xcconfig */;
			buildSettings = {
				ASSETCATALOG_COMPILER_APPICON_NAME = AppIcon;
				CODE_SIGN_IDENTITY = "iPhone Developer";
				INFOPLIST_FILE = Camera/Info.plist;
				LD_RUNPATH_SEARCH_PATHS = "$(inherited) @executable_path/Frameworks";
				PRODUCT_BUNDLE_IDENTIFIER = uk.co.wearecocoon.Camera;
				PRODUCT_NAME = "$(TARGET_NAME)";
				SWIFT_VERSION = 2.3;
			};
			name = Release;
		};
		7E1D78661D797E3D00EF5A78 /* Debug */ = {
			isa = XCBuildConfiguration;
			buildSettings = {
				BUNDLE_LOADER = "$(TEST_HOST)";
				INFOPLIST_FILE = CameraTests/Info.plist;
				LD_RUNPATH_SEARCH_PATHS = "$(inherited) @executable_path/Frameworks @loader_path/Frameworks";
				PRODUCT_BUNDLE_IDENTIFIER = uk.co.wearecocoon.CameraTests;
				PRODUCT_NAME = "$(TARGET_NAME)";
				SWIFT_VERSION = 2.3;
				TEST_HOST = "$(BUILT_PRODUCTS_DIR)/Camera.app/Camera";
			};
			name = Debug;
		};
		7E1D78671D797E3D00EF5A78 /* Release */ = {
			isa = XCBuildConfiguration;
			buildSettings = {
				BUNDLE_LOADER = "$(TEST_HOST)";
				INFOPLIST_FILE = CameraTests/Info.plist;
				LD_RUNPATH_SEARCH_PATHS = "$(inherited) @executable_path/Frameworks @loader_path/Frameworks";
				PRODUCT_BUNDLE_IDENTIFIER = uk.co.wearecocoon.CameraTests;
				PRODUCT_NAME = "$(TARGET_NAME)";
				SWIFT_VERSION = 2.3;
				TEST_HOST = "$(BUILT_PRODUCTS_DIR)/Camera.app/Camera";
			};
			name = Release;
		};
		7E1D78691D797E3D00EF5A78 /* Debug */ = {
			isa = XCBuildConfiguration;
			buildSettings = {
				INFOPLIST_FILE = CameraUITests/Info.plist;
				LD_RUNPATH_SEARCH_PATHS = "$(inherited) @executable_path/Frameworks @loader_path/Frameworks";
				PRODUCT_BUNDLE_IDENTIFIER = uk.co.wearecocoon.CameraUITests;
				PRODUCT_NAME = "$(TARGET_NAME)";
				SWIFT_VERSION = 2.3;
				TEST_TARGET_NAME = Camera;
			};
			name = Debug;
		};
		7E1D786A1D797E3D00EF5A78 /* Release */ = {
			isa = XCBuildConfiguration;
			buildSettings = {
				INFOPLIST_FILE = CameraUITests/Info.plist;
				LD_RUNPATH_SEARCH_PATHS = "$(inherited) @executable_path/Frameworks @loader_path/Frameworks";
				PRODUCT_BUNDLE_IDENTIFIER = uk.co.wearecocoon.CameraUITests;
				PRODUCT_NAME = "$(TARGET_NAME)";
				SWIFT_VERSION = 2.3;
				TEST_TARGET_NAME = Camera;
			};
			name = Release;
		};
/* End XCBuildConfiguration section */

/* Begin XCConfigurationList section */
		7E1D78351D797E3C00EF5A78 /* Build configuration list for PBXProject "Camera" */ = {
			isa = XCConfigurationList;
			buildConfigurations = (
				7E1D78601D797E3D00EF5A78 /* Debug */,
				7E1D78611D797E3D00EF5A78 /* Release */,
			);
			defaultConfigurationIsVisible = 0;
			defaultConfigurationName = Release;
		};
		7E1D78621D797E3D00EF5A78 /* Build configuration list for PBXNativeTarget "Camera" */ = {
			isa = XCConfigurationList;
			buildConfigurations = (
				7E1D78631D797E3D00EF5A78 /* Debug */,
				7E1D78641D797E3D00EF5A78 /* Release */,
			);
			defaultConfigurationIsVisible = 0;
			defaultConfigurationName = Release;
		};
		7E1D78651D797E3D00EF5A78 /* Build configuration list for PBXNativeTarget "CameraTests" */ = {
			isa = XCConfigurationList;
			buildConfigurations = (
				7E1D78661D797E3D00EF5A78 /* Debug */,
				7E1D78671D797E3D00EF5A78 /* Release */,
			);
			defaultConfigurationIsVisible = 0;
			defaultConfigurationName = Release;
		};
		7E1D78681D797E3D00EF5A78 /* Build configuration list for PBXNativeTarget "CameraUITests" */ = {
			isa = XCConfigurationList;
			buildConfigurations = (
				7E1D78691D797E3D00EF5A78 /* Debug */,
				7E1D786A1D797E3D00EF5A78 /* Release */,
			);
			defaultConfigurationIsVisible = 0;
			defaultConfigurationName = Release;
		};
/* End XCConfigurationList section */
	};
	rootObject = 7E1D78321D797E3C00EF5A78 /* Project object */;
}
